
Microsoft Visual Studio Solution File, Format Version 12.00
# Visual Studio Version 17
VisualStudioVersion = 17.2.32519.379
MinimumVisualStudioVersion = 10.0.40219.1
Project("{9A19103F-16F7-4668-BE54-9A1E7A4F7556}") = "SampledStreamCollector", "SampledStreamCollector\SampledStreamCollector.csproj", "{189302B4-CF8F-49F9-8D51-3BE90B0BC65F}"
EndProject
Project("{9A19103F-16F7-4668-BE54-9A1E7A4F7556}") = "SampledStreamApp", "SampledStreamApp\SampledStreamApp.csproj", "{8B6BADBF-92D0-476F-AB63-03F63273BAB3}"
	ProjectSection(ProjectDependencies) = postProject
		{189302B4-CF8F-49F9-8D51-3BE90B0BC65F} = {189302B4-CF8F-49F9-8D51-3BE90B0BC65F}
	EndProjectSection
EndProject
Project("{9A19103F-16F7-4668-BE54-9A1E7A4F7556}") = "SampledStreamAppTests", "SampledStreamAppTests\SampledStreamAppTests.csproj", "{52135440-0547-42CB-990A-0470CAA8E145}"
EndProject
Project("{9A19103F-16F7-4668-BE54-9A1E7A4F7556}") = "SampledStreamCommon", "SampledStreamCommon\SampledStreamCommon.csproj", "{8EAE27ED-99CC-4956-BC57-F763EF76DFB2}"
EndProject
Project("{FAE04EC0-301F-11D3-BF4B-00C04F79EFBC}") = "SampledStreamCollectorTests", "SampledStreamCollectorTests\SampledStreamCollectorTests.csproj", "{B5EFA30D-1D5C-4BCF-8541-AE676D1B9C74}"
EndProject
Global
	GlobalSection(SolutionConfigurationPlatforms) = preSolution
		Debug|Any CPU = Debug|Any CPU
		Release|Any CPU = Release|Any CPU
	EndGlobalSection
	GlobalSection(ProjectConfigurationPlatforms) = postSolution
		{189302B4-CF8F-49F9-8D51-3BE90B0BC65F}.Debug|Any CPU.ActiveCfg = Debug|Any CPU
		{189302B4-CF8F-49F9-8D51-3BE90B0BC65F}.Debug|Any CPU.Build.0 = Debug|Any CPU
		{189302B4-CF8F-49F9-8D51-3BE90B0BC65F}.Release|Any CPU.ActiveCfg = Release|Any CPU
		{189302B4-CF8F-49F9-8D51-3BE90B0BC65F}.Release|Any CPU.Build.0 = Release|Any CPU
		{8B6BADBF-92D0-476F-AB63-03F63273BAB3}.Debug|Any CPU.ActiveCfg = Debug|Any CPU
		{8B6BADBF-92D0-476F-AB63-03F63273BAB3}.Debug|Any CPU.Build.0 = Debug|Any CPU
		{8B6BADBF-92D0-476F-AB63-03F63273BAB3}.Release|Any CPU.ActiveCfg = Release|Any CPU
		{8B6BADBF-92D0-476F-AB63-03F63273BAB3}.Release|Any CPU.Build.0 = Release|Any CPU
		{52135440-0547-42CB-990A-0470CAA8E145}.Debug|Any CPU.ActiveCfg = Debug|Any CPU
		{52135440-0547-42CB-990A-0470CAA8E145}.Debug|Any CPU.Build.0 = Debug|Any CPU
		{52135440-0547-42CB-990A-0470CAA8E145}.Release|Any CPU.ActiveCfg = Release|Any CPU
		{52135440-0547-42CB-990A-0470CAA8E145}.Release|Any CPU.Build.0 = Release|Any CPU
		{8EAE27ED-99CC-4956-BC57-F763EF76DFB2}.Debug|Any CPU.ActiveCfg = Debug|Any CPU
		{8EAE27ED-99CC-4956-BC57-F763EF76DFB2}.Debug|Any CPU.Build.0 = Debug|Any CPU
		{8EAE27ED-99CC-4956-BC57-F763EF76DFB2}.Release|Any CPU.ActiveCfg = Release|Any CPU
		{8EAE27ED-99CC-4956-BC57-F763EF76DFB2}.Release|Any CPU.Build.0 = Release|Any CPU
		{B5EFA30D-1D5C-4BCF-8541-AE676D1B9C74}.Debug|Any CPU.ActiveCfg = Debug|Any CPU
		{B5EFA30D-1D5C-4BCF-8541-AE676D1B9C74}.Debug|Any CPU.Build.0 = Debug|Any CPU
		{B5EFA30D-1D5C-4BCF-8541-AE676D1B9C74}.Release|Any CPU.ActiveCfg = Release|Any CPU
		{B5EFA30D-1D5C-4BCF-8541-AE676D1B9C74}.Release|Any CPU.Build.0 = Release|Any CPU
	EndGlobalSection
	GlobalSection(SolutionProperties) = preSolution
		HideSolutionNode = FALSE
	EndGlobalSection
	GlobalSection(ExtensibilityGlobals) = postSolution
		SolutionGuid = {FF09405F-7844-4F58-A46F-D83BAA018C8F}
	EndGlobalSection
EndGlobal
